{
  "name": "centralized-base-boilerplate-consumer-example",
  "version": "1.0.0",
  "lockfileVersion": 1,
  "requires": true,
  "dependencies": {
    "centralized-base-boilerplate-example": {
      "version": "1.0.0",
      "resolved": "https://registry.npmjs.org/centralized-base-boilerplate-example/-/centralized-base-boilerplate-example-1.0.0.tgz",
      "integrity": "sha512-M0Jtl6fqVbLpe1q9LuUpS3qRWpq+undYOj5EynMtzWoYoRyy9cxvtbvqfkuocMmTH8feQ3nMRxjsJsCxA2bMww==",
      "dev": true,
      "requires": {
        "centralized-boilerplate": "^2.0.2"
      }
    },
    "centralized-boilerplate": {
      "version": "2.0.2",
      "resolved": "https://registry.npmjs.org/centralized-boilerplate/-/centralized-boilerplate-2.0.2.tgz",
      "integrity": "sha512-POFf+NAiigFj4wrnXjmq+qvb6TmEyBdvYjYF/3EDLk/STmMszso8vVwKT8TWFe6P5eFGvlYKkFohMX8HE4lHLA==",
      "dev": true
    }
  }
}
