{
  "name": "centralized-base-boilerplate-provider-example",
  "version": "1.0.8",
  "lockfileVersion": 1,
  "requires": true,
  "dependencies": {
    "centralized-boilerplate": {
      "version": "3.0.3",
      "resolved": "https://registry.npmjs.org/centralized-boilerplate/-/centralized-boilerplate-3.0.3.tgz",
      "integrity": "sha512-dds3SsTrHpzASbw2OH9BlLx5A84pYBtsVMzuKmlyx+N0Pr7swHubPmG6luTB4xTgzSfnNepl54IVh9ThqsfxXQ==",
      "requires": {
        "lodash": "^4.17.20"
      }
    },
    "lodash": {
      "version": "4.17.20",
      "resolved": "https://registry.npmjs.org/lodash/-/lodash-4.17.20.tgz",
      "integrity": "sha512-PlhdFcillOINfeV7Ni6oF1TAEayyZBoZ8bcshTHqOYJYlrqzRK5hagpagky5o4HfCzzd1TRkXPMFq6cKk9rGmA=="
    }
  }
}
