{
  "name": "centralized-base-boilerplate-example",
  "version": "1.0.3",
  "lockfileVersion": 1,
  "requires": true,
  "dependencies": {
    "centralized-boilerplate": {
      "version": "2.0.3",
      "resolved": "https://registry.npmjs.org/centralized-boilerplate/-/centralized-boilerplate-2.0.3.tgz",
      "integrity": "sha512-+RVYFn4l6qAiYcAQ7PQ9KhR6pvCJlzHwnH0uKIybnGLtFVoQ4EKXKtqGKA2eQ7jIt2kaFrF37L+9CheUrCjaug==",
      "requires": {
        "lodash": "^4.17.20"
      }
    },
    "lodash": {
      "version": "4.17.20",
      "resolved": "https://registry.npmjs.org/lodash/-/lodash-4.17.20.tgz",
      "integrity": "sha512-PlhdFcillOINfeV7Ni6oF1TAEayyZBoZ8bcshTHqOYJYlrqzRK5hagpagky5o4HfCzzd1TRkXPMFq6cKk9rGmA=="
    }
  }
}
