{
  "name": "centralized-base-boilerplate-provider-example",
  "version": "1.0.6",
  "lockfileVersion": 1,
  "requires": true,
  "dependencies": {
    "centralized-boilerplate": {
      "version": "2.0.6",
      "resolved": "https://registry.npmjs.org/centralized-boilerplate/-/centralized-boilerplate-2.0.6.tgz",
      "integrity": "sha512-hyM3udidQ5amr7AepnrIWCd2ZmW3inKV5gstH5u8oEjAlmnjOFf0dWxQUQsSVF9E6sgfwNexAC5PlTdfxtNNEg==",
      "requires": {
        "lodash": "^4.17.20"
      }
    },
    "lodash": {
      "version": "4.17.20",
      "resolved": "https://registry.npmjs.org/lodash/-/lodash-4.17.20.tgz",
      "integrity": "sha512-PlhdFcillOINfeV7Ni6oF1TAEayyZBoZ8bcshTHqOYJYlrqzRK5hagpagky5o4HfCzzd1TRkXPMFq6cKk9rGmA=="
    }
  }
}
