{
  "name": "centralized-base-boilerplate-consumer-example",
  "version": "1.0.6",
  "lockfileVersion": 1,
  "requires": true,
  "dependencies": {
    "centralized-base-boilerplate-provider-example": {
      "version": "1.0.7",
      "resolved": "https://registry.npmjs.org/centralized-base-boilerplate-provider-example/-/centralized-base-boilerplate-provider-example-1.0.7.tgz",
      "integrity": "sha512-aYAK4SYBFn1PL34G27KnaCeHPjT3JIYbOiun/3Cpg0z5k+iWqoPCXd73ECdG9DoIzwheDGJNVHsjuRzZ39k1aA==",
      "dev": true,
      "requires": {
        "centralized-boilerplate": "^2.0.7"
      }
    },
    "centralized-boilerplate": {
      "version": "2.0.7",
      "resolved": "https://registry.npmjs.org/centralized-boilerplate/-/centralized-boilerplate-2.0.7.tgz",
      "integrity": "sha512-OWZXx7/A+i0v15eYhdW1dH6sIZ30dAXedrrV691UUraBbkmSE0e6KT1CGH7yXT3Np0/JuMpGDDHVdmUK8qc0Fw==",
      "dev": true,
      "requires": {
        "lodash": "^4.17.20"
      }
    },
    "lodash": {
      "version": "4.17.20",
      "resolved": "https://registry.npmjs.org/lodash/-/lodash-4.17.20.tgz",
      "integrity": "sha512-PlhdFcillOINfeV7Ni6oF1TAEayyZBoZ8bcshTHqOYJYlrqzRK5hagpagky5o4HfCzzd1TRkXPMFq6cKk9rGmA==",
      "dev": true
    }
  }
}
