{
  "name": "centralized-base-boilerplate-consumer-example",
  "version": "1.0.7",
  "lockfileVersion": 1,
  "requires": true,
  "dependencies": {
    "centralized-base-boilerplate-provider-example": {
      "version": "1.0.9",
      "resolved": "https://registry.npmjs.org/centralized-base-boilerplate-provider-example/-/centralized-base-boilerplate-provider-example-1.0.9.tgz",
      "integrity": "sha512-aA1sXxF0zqlSRca0mqVxBYwNN0fxmJQ/P+hFdfh/uMfhU6sXkQjDW+2yYVjxJICkcMRXA/WtJV8tJkii3E6OEA==",
      "dev": true,
      "requires": {
        "centralized-boilerplate": "^3.0.4"
      }
    },
    "centralized-boilerplate": {
      "version": "3.0.5",
      "resolved": "https://registry.npmjs.org/centralized-boilerplate/-/centralized-boilerplate-3.0.5.tgz",
      "integrity": "sha512-uI6tbv8pxc1VI1P7huGlJzhGhpNR2Gk0fjS100Y0cIp7pGjbisglm322BISuIXBpmGXDEtX+T2FsVxDqybVcVg==",
      "dev": true,
      "requires": {
        "lodash": "^4.17.20"
      }
    },
    "lodash": {
      "version": "4.17.20",
      "resolved": "https://registry.npmjs.org/lodash/-/lodash-4.17.20.tgz",
      "integrity": "sha512-PlhdFcillOINfeV7Ni6oF1TAEayyZBoZ8bcshTHqOYJYlrqzRK5hagpagky5o4HfCzzd1TRkXPMFq6cKk9rGmA==",
      "dev": true
    }
  }
}
