{
  "name": "centralized-base-boilerplate-example",
  "version": "1.0.0",
  "lockfileVersion": 1,
  "requires": true,
  "dependencies": {
    "centralized-boilerplate": {
      "version": "2.0.1",
      "resolved": "https://registry.npmjs.org/centralized-boilerplate/-/centralized-boilerplate-2.0.1.tgz",
      "integrity": "sha512-530FQKy+N5WOxT0xVWFNk7L/sBV939RmTG1g52iLS+YHMWy6hsDkh1+UPJcOVwbuq1dL4wprypTDYko/Dm5W3w=="
    }
  }
}
